
Microsoft Visual Studio Solution File, Format Version 12.00
# Visual Studio Version 17
VisualStudioVersion = 17.0.31903.59
MinimumVisualStudioVersion = 10.0.40219.1
Project("{2150E333-8FDC-42A3-9474-1A3956D46DE8}") = "src", "src", "{0E233CAC-5737-4304-BE40-6ABE059B904E}"
EndProject
Project("{FAE04EC0-301F-11D3-BF4B-00C04F79EFBC}") = "BBT.Prism.Core", "src\BBT.Prism.Core\BBT.Prism.Core.csproj", "{69CC981B-275A-4254-B74E-1F58988A13FB}"
EndProject
Project("{FAE04EC0-301F-11D3-BF4B-00C04F79EFBC}") = "BBT.Prism.Ddd.Domain", "src\BBT.Prism.Ddd.Domain\BBT.Prism.Ddd.Domain.csproj", "{932C4C26-42EA-4921-8E4A-938F4B8D5B7A}"
EndProject
Project("{FAE04EC0-301F-11D3-BF4B-00C04F79EFBC}") = "BBT.Prism.Uow", "src\BBT.Prism.Uow\BBT.Prism.Uow.csproj", "{8A0EB4F5-E407-4918-B531-D26364463E4C}"
EndProject
Project("{FAE04EC0-301F-11D3-BF4B-00C04F79EFBC}") = "BBT.Prism.EntityFrameworkCore", "src\BBT.Prism.EntityFrameworkCore\BBT.Prism.EntityFrameworkCore.csproj", "{3A90C537-1E6D-4A89-923E-1B9EDDC52E4F}"
EndProject
Project("{FAE04EC0-301F-11D3-BF4B-00C04F79EFBC}") = "BBT.Prism.EntityFrameworkCore.SqlServer", "src\BBT.Prism.EntityFrameworkCore.SqlServer\BBT.Prism.EntityFrameworkCore.SqlServer.csproj", "{50DF6E17-0DAC-4764-8B9E-C8DA0A20CD10}"
EndProject
Project("{FAE04EC0-301F-11D3-BF4B-00C04F79EFBC}") = "BBT.Prism.EntityFrameworkCore.PostgreSql", "src\BBT.Prism.EntityFrameworkCore.PostgreSql\BBT.Prism.EntityFrameworkCore.PostgreSql.csproj", "{367AF8EE-B343-4244-B77B-0F0C284D116F}"
EndProject
Project("{FAE04EC0-301F-11D3-BF4B-00C04F79EFBC}") = "BBT.Prism.Ddd.Application.Contracts", "src\BBT.Prism.Ddd.Application.Contracts\BBT.Prism.Ddd.Application.Contracts.csproj", "{01B63B2C-4833-4235-A1A6-54F285722355}"
EndProject
Project("{FAE04EC0-301F-11D3-BF4B-00C04F79EFBC}") = "BBT.Prism.Ddd.Application", "src\BBT.Prism.Ddd.Application\BBT.Prism.Ddd.Application.csproj", "{9EDAE441-BF29-4444-8C40-46AEC0620D85}"
EndProject
Project("{FAE04EC0-301F-11D3-BF4B-00C04F79EFBC}") = "BBT.Prism.AspNetCore", "src\BBT.Prism.AspNetCore\BBT.Prism.AspNetCore.csproj", "{EE138391-8D3B-4636-A7E3-3FB308617537}"
EndProject
Project("{FAE04EC0-301F-11D3-BF4B-00C04F79EFBC}") = "BBT.Prism.TestBase", "src\BBT.Prism.TestBase\BBT.Prism.TestBase.csproj", "{EA38FA51-4961-425A-A6CE-10144C7753DA}"
EndProject
Project("{FAE04EC0-301F-11D3-BF4B-00C04F79EFBC}") = "BBT.Prism.Ddd.Domain.Shared", "src\BBT.Prism.Ddd.Domain.Shared\BBT.Prism.Ddd.Domain.Shared.csproj", "{24094484-8330-47BF-AEC2-0BC836652803}"
EndProject
Project("{FAE04EC0-301F-11D3-BF4B-00C04F79EFBC}") = "BBT.Prism.Data", "src\BBT.Prism.Data\BBT.Prism.Data.csproj", "{EFCBCE08-9779-4302-9A16-7B28D62DEEE3}"
EndProject
Project("{FAE04EC0-301F-11D3-BF4B-00C04F79EFBC}") = "BBT.Prism.Auditing.Contracts", "src\BBT.Prism.Auditing.Contracts\BBT.Prism.Auditing.Contracts.csproj", "{FCB20D46-9145-42C2-8810-B6ECD0BCDBD0}"
EndProject
Project("{FAE04EC0-301F-11D3-BF4B-00C04F79EFBC}") = "BBT.Prism.ExceptionHandling", "src\BBT.Prism.ExceptionHandling\BBT.Prism.ExceptionHandling.csproj", "{B9E2C101-F056-44B6-A6A6-758C25AC5E37}"
EndProject
Project("{FAE04EC0-301F-11D3-BF4B-00C04F79EFBC}") = "BBT.Prism.Localization", "src\BBT.Prism.Localization\BBT.Prism.Localization.csproj", "{98EFF556-5425-4E87-BE90-81E67ACE0128}"
EndProject
Project("{FAE04EC0-301F-11D3-BF4B-00C04F79EFBC}") = "BBT.Prism.Mapper", "src\BBT.Prism.Mapper\BBT.Prism.Mapper.csproj", "{12653749-9D4A-4F00-AFEB-5276530FA167}"
EndProject
Project("{FAE04EC0-301F-11D3-BF4B-00C04F79EFBC}") = "BBT.Prism.AutoMapper", "src\BBT.Prism.AutoMapper\BBT.Prism.AutoMapper.csproj", "{F6DBE171-EF8D-49BD-8D15-C2D6508BE59C}"
EndProject
Project("{FAE04EC0-301F-11D3-BF4B-00C04F79EFBC}") = "BBT.Prism.Threading", "src\BBT.Prism.Threading\BBT.Prism.Threading.csproj", "{E7617C7C-4CE7-4AF6-B940-7745978C4854}"
EndProject
Project("{FAE04EC0-301F-11D3-BF4B-00C04F79EFBC}") = "BBT.Prism.AspNetCore.Serilog", "src\BBT.Prism.AspNetCore.Serilog\BBT.Prism.AspNetCore.Serilog.csproj", "{192FC73B-1E72-4231-985E-D2F7F6D89067}"
EndProject
Project("{FAE04EC0-301F-11D3-BF4B-00C04F79EFBC}") = "BBT.Prism.Dapr", "src\BBT.Prism.Dapr\BBT.Prism.Dapr.csproj", "{496532DC-EC63-41F6-ACD0-4672D2940E45}"
EndProject
Project("{FAE04EC0-301F-11D3-BF4B-00C04F79EFBC}") = "BBT.Prism.Data.Seeding", "src\BBT.Prism.Data.Seeding\BBT.Prism.Data.Seeding.csproj", "{ACB26362-0D55-447C-97D6-8844EB4518D4}"
EndProject
Project("{FAE04EC0-301F-11D3-BF4B-00C04F79EFBC}") = "BBT.Prism.AspNetCore.HealthChecks.Dapr", "src\BBT.Prism.AspNetCore.HealthChecks.Dapr\BBT.Prism.AspNetCore.HealthChecks.Dapr.csproj", "{015D4BB4-3AA2-4E7A-A41C-C1371770CA40}"
EndProject
Project("{FAE04EC0-301F-11D3-BF4B-00C04F79EFBC}") = "BBT.Prism.EventBus.Abstractions", "src\BBT.Prism.EventBus.Abstractions\BBT.Prism.EventBus.Abstractions.csproj", "{8EC22AB6-E1CE-45EE-8E99-27D797CFD3C5}"
EndProject
Project("{FAE04EC0-301F-11D3-BF4B-00C04F79EFBC}") = "BBT.Prism.EventBus", "src\BBT.Prism.EventBus\BBT.Prism.EventBus.csproj", "{31D8B7AC-DCBD-415D-97D0-21DEE9D19DC4}"
EndProject
Project("{FAE04EC0-301F-11D3-BF4B-00C04F79EFBC}") = "BBT.Prism.EventBus.Dapr", "src\BBT.Prism.EventBus.Dapr\BBT.Prism.EventBus.Dapr.csproj", "{615AC897-E8DA-4661-A3C4-3D2CA844766B}"
EndProject
Project("{FAE04EC0-301F-11D3-BF4B-00C04F79EFBC}") = "BBT.Prism.EntityFrameworkCore.Sqlite", "src\BBT.Prism.EntityFrameworkCore.Sqlite\BBT.Prism.EntityFrameworkCore.Sqlite.csproj", "{FA6DC90D-8D32-411B-8BE5-13C7A60B8816}"
EndProject
Project("{FAE04EC0-301F-11D3-BF4B-00C04F79EFBC}") = "BBT.Prism.AspNetCore.HealthChecks", "src\BBT.Prism.AspNetCore.HealthChecks\BBT.Prism.AspNetCore.HealthChecks.csproj", "{DCBA05E8-EBE8-4984-AB5D-83BB603ECC55}"
EndProject
Project("{FAE04EC0-301F-11D3-BF4B-00C04F79EFBC}") = "BBT.Prism.Cli", "src\BBT.Prism.Cli\BBT.Prism.Cli.csproj", "{B4912FA4-68E7-4092-98DA-8B711E392307}"
EndProject
Project("{FAE04EC0-301F-11D3-BF4B-00C04F79EFBC}") = "BBT.Prism.AspNetCore.Dapr", "src\BBT.Prism.AspNetCore.Dapr\BBT.Prism.AspNetCore.Dapr.csproj", "{2CB95560-32A2-4D45-B4F7-87EBF467B556}"
EndProject
Project("{FAE04EC0-301F-11D3-BF4B-00C04F79EFBC}") = "BBT.Prism.AspNetCore.Dapr.EventBus", "src\BBT.Prism.AspNetCore.Dapr.EventBus\BBT.Prism.AspNetCore.Dapr.EventBus.csproj", "{F45F7D46-3EA0-4AEE-B512-804F52D96D71}"
EndProject
Global
	GlobalSection(SolutionConfigurationPlatforms) = preSolution
		Debug|Any CPU = Debug|Any CPU
		Release|Any CPU = Release|Any CPU
	EndGlobalSection
	GlobalSection(SolutionProperties) = preSolution
		HideSolutionNode = FALSE
	EndGlobalSection
	GlobalSection(NestedProjects) = preSolution
		{69CC981B-275A-4254-B74E-1F58988A13FB} = {0E233CAC-5737-4304-BE40-6ABE059B904E}
		{932C4C26-42EA-4921-8E4A-938F4B8D5B7A} = {0E233CAC-5737-4304-BE40-6ABE059B904E}
		{8A0EB4F5-E407-4918-B531-D26364463E4C} = {0E233CAC-5737-4304-BE40-6ABE059B904E}
		{3A90C537-1E6D-4A89-923E-1B9EDDC52E4F} = {0E233CAC-5737-4304-BE40-6ABE059B904E}
		{50DF6E17-0DAC-4764-8B9E-C8DA0A20CD10} = {0E233CAC-5737-4304-BE40-6ABE059B904E}
		{367AF8EE-B343-4244-B77B-0F0C284D116F} = {0E233CAC-5737-4304-BE40-6ABE059B904E}
		{01B63B2C-4833-4235-A1A6-54F285722355} = {0E233CAC-5737-4304-BE40-6ABE059B904E}
		{9EDAE441-BF29-4444-8C40-46AEC0620D85} = {0E233CAC-5737-4304-BE40-6ABE059B904E}
		{EE138391-8D3B-4636-A7E3-3FB308617537} = {0E233CAC-5737-4304-BE40-6ABE059B904E}
		{EA38FA51-4961-425A-A6CE-10144C7753DA} = {0E233CAC-5737-4304-BE40-6ABE059B904E}
		{24094484-8330-47BF-AEC2-0BC836652803} = {0E233CAC-5737-4304-BE40-6ABE059B904E}
		{EFCBCE08-9779-4302-9A16-7B28D62DEEE3} = {0E233CAC-5737-4304-BE40-6ABE059B904E}
		{FCB20D46-9145-42C2-8810-B6ECD0BCDBD0} = {0E233CAC-5737-4304-BE40-6ABE059B904E}
		{B9E2C101-F056-44B6-A6A6-758C25AC5E37} = {0E233CAC-5737-4304-BE40-6ABE059B904E}
		{98EFF556-5425-4E87-BE90-81E67ACE0128} = {0E233CAC-5737-4304-BE40-6ABE059B904E}
		{12653749-9D4A-4F00-AFEB-5276530FA167} = {0E233CAC-5737-4304-BE40-6ABE059B904E}
		{F6DBE171-EF8D-49BD-8D15-C2D6508BE59C} = {0E233CAC-5737-4304-BE40-6ABE059B904E}
		{E7617C7C-4CE7-4AF6-B940-7745978C4854} = {0E233CAC-5737-4304-BE40-6ABE059B904E}
		{192FC73B-1E72-4231-985E-D2F7F6D89067} = {0E233CAC-5737-4304-BE40-6ABE059B904E}
		{496532DC-EC63-41F6-ACD0-4672D2940E45} = {0E233CAC-5737-4304-BE40-6ABE059B904E}
		{ACB26362-0D55-447C-97D6-8844EB4518D4} = {0E233CAC-5737-4304-BE40-6ABE059B904E}
		{015D4BB4-3AA2-4E7A-A41C-C1371770CA40} = {0E233CAC-5737-4304-BE40-6ABE059B904E}
		{8EC22AB6-E1CE-45EE-8E99-27D797CFD3C5} = {0E233CAC-5737-4304-BE40-6ABE059B904E}
		{31D8B7AC-DCBD-415D-97D0-21DEE9D19DC4} = {0E233CAC-5737-4304-BE40-6ABE059B904E}
		{615AC897-E8DA-4661-A3C4-3D2CA844766B} = {0E233CAC-5737-4304-BE40-6ABE059B904E}
		{FA6DC90D-8D32-411B-8BE5-13C7A60B8816} = {0E233CAC-5737-4304-BE40-6ABE059B904E}
		{DCBA05E8-EBE8-4984-AB5D-83BB603ECC55} = {0E233CAC-5737-4304-BE40-6ABE059B904E}
		{B4912FA4-68E7-4092-98DA-8B711E392307} = {0E233CAC-5737-4304-BE40-6ABE059B904E}
		{2CB95560-32A2-4D45-B4F7-87EBF467B556} = {0E233CAC-5737-4304-BE40-6ABE059B904E}
		{F45F7D46-3EA0-4AEE-B512-804F52D96D71} = {0E233CAC-5737-4304-BE40-6ABE059B904E}
	EndGlobalSection
	GlobalSection(ProjectConfigurationPlatforms) = postSolution
		{69CC981B-275A-4254-B74E-1F58988A13FB}.Debug|Any CPU.ActiveCfg = Debug|Any CPU
		{69CC981B-275A-4254-B74E-1F58988A13FB}.Debug|Any CPU.Build.0 = Debug|Any CPU
		{69CC981B-275A-4254-B74E-1F58988A13FB}.Release|Any CPU.ActiveCfg = Release|Any CPU
		{69CC981B-275A-4254-B74E-1F58988A13FB}.Release|Any CPU.Build.0 = Release|Any CPU
		{932C4C26-42EA-4921-8E4A-938F4B8D5B7A}.Debug|Any CPU.ActiveCfg = Debug|Any CPU
		{932C4C26-42EA-4921-8E4A-938F4B8D5B7A}.Debug|Any CPU.Build.0 = Debug|Any CPU
		{932C4C26-42EA-4921-8E4A-938F4B8D5B7A}.Release|Any CPU.ActiveCfg = Release|Any CPU
		{932C4C26-42EA-4921-8E4A-938F4B8D5B7A}.Release|Any CPU.Build.0 = Release|Any CPU
		{8A0EB4F5-E407-4918-B531-D26364463E4C}.Debug|Any CPU.ActiveCfg = Debug|Any CPU
		{8A0EB4F5-E407-4918-B531-D26364463E4C}.Debug|Any CPU.Build.0 = Debug|Any CPU
		{8A0EB4F5-E407-4918-B531-D26364463E4C}.Release|Any CPU.ActiveCfg = Release|Any CPU
		{8A0EB4F5-E407-4918-B531-D26364463E4C}.Release|Any CPU.Build.0 = Release|Any CPU
		{3A90C537-1E6D-4A89-923E-1B9EDDC52E4F}.Debug|Any CPU.ActiveCfg = Debug|Any CPU
		{3A90C537-1E6D-4A89-923E-1B9EDDC52E4F}.Debug|Any CPU.Build.0 = Debug|Any CPU
		{3A90C537-1E6D-4A89-923E-1B9EDDC52E4F}.Release|Any CPU.ActiveCfg = Release|Any CPU
		{3A90C537-1E6D-4A89-923E-1B9EDDC52E4F}.Release|Any CPU.Build.0 = Release|Any CPU
		{50DF6E17-0DAC-4764-8B9E-C8DA0A20CD10}.Debug|Any CPU.ActiveCfg = Debug|Any CPU
		{50DF6E17-0DAC-4764-8B9E-C8DA0A20CD10}.Debug|Any CPU.Build.0 = Debug|Any CPU
		{50DF6E17-0DAC-4764-8B9E-C8DA0A20CD10}.Release|Any CPU.ActiveCfg = Release|Any CPU
		{50DF6E17-0DAC-4764-8B9E-C8DA0A20CD10}.Release|Any CPU.Build.0 = Release|Any CPU
		{367AF8EE-B343-4244-B77B-0F0C284D116F}.Debug|Any CPU.ActiveCfg = Debug|Any CPU
		{367AF8EE-B343-4244-B77B-0F0C284D116F}.Debug|Any CPU.Build.0 = Debug|Any CPU
		{367AF8EE-B343-4244-B77B-0F0C284D116F}.Release|Any CPU.ActiveCfg = Release|Any CPU
		{367AF8EE-B343-4244-B77B-0F0C284D116F}.Release|Any CPU.Build.0 = Release|Any CPU
		{01B63B2C-4833-4235-A1A6-54F285722355}.Debug|Any CPU.ActiveCfg = Debug|Any CPU
		{01B63B2C-4833-4235-A1A6-54F285722355}.Debug|Any CPU.Build.0 = Debug|Any CPU
		{01B63B2C-4833-4235-A1A6-54F285722355}.Release|Any CPU.ActiveCfg = Release|Any CPU
		{01B63B2C-4833-4235-A1A6-54F285722355}.Release|Any CPU.Build.0 = Release|Any CPU
		{9EDAE441-BF29-4444-8C40-46AEC0620D85}.Debug|Any CPU.ActiveCfg = Debug|Any CPU
		{9EDAE441-BF29-4444-8C40-46AEC0620D85}.Debug|Any CPU.Build.0 = Debug|Any CPU
		{9EDAE441-BF29-4444-8C40-46AEC0620D85}.Release|Any CPU.ActiveCfg = Release|Any CPU
		{9EDAE441-BF29-4444-8C40-46AEC0620D85}.Release|Any CPU.Build.0 = Release|Any CPU
		{EE138391-8D3B-4636-A7E3-3FB308617537}.Debug|Any CPU.ActiveCfg = Debug|Any CPU
		{EE138391-8D3B-4636-A7E3-3FB308617537}.Debug|Any CPU.Build.0 = Debug|Any CPU
		{EE138391-8D3B-4636-A7E3-3FB308617537}.Release|Any CPU.ActiveCfg = Release|Any CPU
		{EE138391-8D3B-4636-A7E3-3FB308617537}.Release|Any CPU.Build.0 = Release|Any CPU
		{EA38FA51-4961-425A-A6CE-10144C7753DA}.Debug|Any CPU.ActiveCfg = Debug|Any CPU
		{EA38FA51-4961-425A-A6CE-10144C7753DA}.Debug|Any CPU.Build.0 = Debug|Any CPU
		{EA38FA51-4961-425A-A6CE-10144C7753DA}.Release|Any CPU.ActiveCfg = Release|Any CPU
		{EA38FA51-4961-425A-A6CE-10144C7753DA}.Release|Any CPU.Build.0 = Release|Any CPU
		{24094484-8330-47BF-AEC2-0BC836652803}.Debug|Any CPU.ActiveCfg = Debug|Any CPU
		{24094484-8330-47BF-AEC2-0BC836652803}.Debug|Any CPU.Build.0 = Debug|Any CPU
		{24094484-8330-47BF-AEC2-0BC836652803}.Release|Any CPU.ActiveCfg = Release|Any CPU
		{24094484-8330-47BF-AEC2-0BC836652803}.Release|Any CPU.Build.0 = Release|Any CPU
		{EFCBCE08-9779-4302-9A16-7B28D62DEEE3}.Debug|Any CPU.ActiveCfg = Debug|Any CPU
		{EFCBCE08-9779-4302-9A16-7B28D62DEEE3}.Debug|Any CPU.Build.0 = Debug|Any CPU
		{EFCBCE08-9779-4302-9A16-7B28D62DEEE3}.Release|Any CPU.ActiveCfg = Release|Any CPU
		{EFCBCE08-9779-4302-9A16-7B28D62DEEE3}.Release|Any CPU.Build.0 = Release|Any CPU
		{FCB20D46-9145-42C2-8810-B6ECD0BCDBD0}.Debug|Any CPU.ActiveCfg = Debug|Any CPU
		{FCB20D46-9145-42C2-8810-B6ECD0BCDBD0}.Debug|Any CPU.Build.0 = Debug|Any CPU
		{FCB20D46-9145-42C2-8810-B6ECD0BCDBD0}.Release|Any CPU.ActiveCfg = Release|Any CPU
		{FCB20D46-9145-42C2-8810-B6ECD0BCDBD0}.Release|Any CPU.Build.0 = Release|Any CPU
		{B9E2C101-F056-44B6-A6A6-758C25AC5E37}.Debug|Any CPU.ActiveCfg = Debug|Any CPU
		{B9E2C101-F056-44B6-A6A6-758C25AC5E37}.Debug|Any CPU.Build.0 = Debug|Any CPU
		{B9E2C101-F056-44B6-A6A6-758C25AC5E37}.Release|Any CPU.ActiveCfg = Release|Any CPU
		{B9E2C101-F056-44B6-A6A6-758C25AC5E37}.Release|Any CPU.Build.0 = Release|Any CPU
		{98EFF556-5425-4E87-BE90-81E67ACE0128}.Debug|Any CPU.ActiveCfg = Debug|Any CPU
		{98EFF556-5425-4E87-BE90-81E67ACE0128}.Debug|Any CPU.Build.0 = Debug|Any CPU
		{98EFF556-5425-4E87-BE90-81E67ACE0128}.Release|Any CPU.ActiveCfg = Release|Any CPU
		{98EFF556-5425-4E87-BE90-81E67ACE0128}.Release|Any CPU.Build.0 = Release|Any CPU
		{12653749-9D4A-4F00-AFEB-5276530FA167}.Debug|Any CPU.ActiveCfg = Debug|Any CPU
		{12653749-9D4A-4F00-AFEB-5276530FA167}.Debug|Any CPU.Build.0 = Debug|Any CPU
		{12653749-9D4A-4F00-AFEB-5276530FA167}.Release|Any CPU.ActiveCfg = Release|Any CPU
		{12653749-9D4A-4F00-AFEB-5276530FA167}.Release|Any CPU.Build.0 = Release|Any CPU
		{F6DBE171-EF8D-49BD-8D15-C2D6508BE59C}.Debug|Any CPU.ActiveCfg = Debug|Any CPU
		{F6DBE171-EF8D-49BD-8D15-C2D6508BE59C}.Debug|Any CPU.Build.0 = Debug|Any CPU
		{F6DBE171-EF8D-49BD-8D15-C2D6508BE59C}.Release|Any CPU.ActiveCfg = Release|Any CPU
		{F6DBE171-EF8D-49BD-8D15-C2D6508BE59C}.Release|Any CPU.Build.0 = Release|Any CPU
		{E7617C7C-4CE7-4AF6-B940-7745978C4854}.Debug|Any CPU.ActiveCfg = Debug|Any CPU
		{E7617C7C-4CE7-4AF6-B940-7745978C4854}.Debug|Any CPU.Build.0 = Debug|Any CPU
		{E7617C7C-4CE7-4AF6-B940-7745978C4854}.Release|Any CPU.ActiveCfg = Release|Any CPU
		{E7617C7C-4CE7-4AF6-B940-7745978C4854}.Release|Any CPU.Build.0 = Release|Any CPU
		{192FC73B-1E72-4231-985E-D2F7F6D89067}.Debug|Any CPU.ActiveCfg = Debug|Any CPU
		{192FC73B-1E72-4231-985E-D2F7F6D89067}.Debug|Any CPU.Build.0 = Debug|Any CPU
		{192FC73B-1E72-4231-985E-D2F7F6D89067}.Release|Any CPU.ActiveCfg = Release|Any CPU
		{192FC73B-1E72-4231-985E-D2F7F6D89067}.Release|Any CPU.Build.0 = Release|Any CPU
		{496532DC-EC63-41F6-ACD0-4672D2940E45}.Debug|Any CPU.ActiveCfg = Debug|Any CPU
		{496532DC-EC63-41F6-ACD0-4672D2940E45}.Debug|Any CPU.Build.0 = Debug|Any CPU
		{496532DC-EC63-41F6-ACD0-4672D2940E45}.Release|Any CPU.ActiveCfg = Release|Any CPU
		{496532DC-EC63-41F6-ACD0-4672D2940E45}.Release|Any CPU.Build.0 = Release|Any CPU
		{ACB26362-0D55-447C-97D6-8844EB4518D4}.Debug|Any CPU.ActiveCfg = Debug|Any CPU
		{ACB26362-0D55-447C-97D6-8844EB4518D4}.Debug|Any CPU.Build.0 = Debug|Any CPU
		{ACB26362-0D55-447C-97D6-8844EB4518D4}.Release|Any CPU.ActiveCfg = Release|Any CPU
		{ACB26362-0D55-447C-97D6-8844EB4518D4}.Release|Any CPU.Build.0 = Release|Any CPU
		{015D4BB4-3AA2-4E7A-A41C-C1371770CA40}.Debug|Any CPU.ActiveCfg = Debug|Any CPU
		{015D4BB4-3AA2-4E7A-A41C-C1371770CA40}.Debug|Any CPU.Build.0 = Debug|Any CPU
		{015D4BB4-3AA2-4E7A-A41C-C1371770CA40}.Release|Any CPU.ActiveCfg = Release|Any CPU
		{015D4BB4-3AA2-4E7A-A41C-C1371770CA40}.Release|Any CPU.Build.0 = Release|Any CPU
		{8EC22AB6-E1CE-45EE-8E99-27D797CFD3C5}.Debug|Any CPU.ActiveCfg = Debug|Any CPU
		{8EC22AB6-E1CE-45EE-8E99-27D797CFD3C5}.Debug|Any CPU.Build.0 = Debug|Any CPU
		{8EC22AB6-E1CE-45EE-8E99-27D797CFD3C5}.Release|Any CPU.ActiveCfg = Release|Any CPU
		{8EC22AB6-E1CE-45EE-8E99-27D797CFD3C5}.Release|Any CPU.Build.0 = Release|Any CPU
		{31D8B7AC-DCBD-415D-97D0-21DEE9D19DC4}.Debug|Any CPU.ActiveCfg = Debug|Any CPU
		{31D8B7AC-DCBD-415D-97D0-21DEE9D19DC4}.Debug|Any CPU.Build.0 = Debug|Any CPU
		{31D8B7AC-DCBD-415D-97D0-21DEE9D19DC4}.Release|Any CPU.ActiveCfg = Release|Any CPU
		{31D8B7AC-DCBD-415D-97D0-21DEE9D19DC4}.Release|Any CPU.Build.0 = Release|Any CPU
		{615AC897-E8DA-4661-A3C4-3D2CA844766B}.Debug|Any CPU.ActiveCfg = Debug|Any CPU
		{615AC897-E8DA-4661-A3C4-3D2CA844766B}.Debug|Any CPU.Build.0 = Debug|Any CPU
		{615AC897-E8DA-4661-A3C4-3D2CA844766B}.Release|Any CPU.ActiveCfg = Release|Any CPU
		{615AC897-E8DA-4661-A3C4-3D2CA844766B}.Release|Any CPU.Build.0 = Release|Any CPU
		{FA6DC90D-8D32-411B-8BE5-13C7A60B8816}.Debug|Any CPU.ActiveCfg = Debug|Any CPU
		{FA6DC90D-8D32-411B-8BE5-13C7A60B8816}.Debug|Any CPU.Build.0 = Debug|Any CPU
		{FA6DC90D-8D32-411B-8BE5-13C7A60B8816}.Release|Any CPU.ActiveCfg = Release|Any CPU
		{FA6DC90D-8D32-411B-8BE5-13C7A60B8816}.Release|Any CPU.Build.0 = Release|Any CPU
		{DCBA05E8-EBE8-4984-AB5D-83BB603ECC55}.Debug|Any CPU.ActiveCfg = Debug|Any CPU
		{DCBA05E8-EBE8-4984-AB5D-83BB603ECC55}.Debug|Any CPU.Build.0 = Debug|Any CPU
		{DCBA05E8-EBE8-4984-AB5D-83BB603ECC55}.Release|Any CPU.ActiveCfg = Release|Any CPU
		{DCBA05E8-EBE8-4984-AB5D-83BB603ECC55}.Release|Any CPU.Build.0 = Release|Any CPU
		{B4912FA4-68E7-4092-98DA-8B711E392307}.Debug|Any CPU.ActiveCfg = Debug|Any CPU
		{B4912FA4-68E7-4092-98DA-8B711E392307}.Debug|Any CPU.Build.0 = Debug|Any CPU
		{B4912FA4-68E7-4092-98DA-8B711E392307}.Release|Any CPU.ActiveCfg = Release|Any CPU
		{B4912FA4-68E7-4092-98DA-8B711E392307}.Release|Any CPU.Build.0 = Release|Any CPU
		{2CB95560-32A2-4D45-B4F7-87EBF467B556}.Debug|Any CPU.ActiveCfg = Debug|Any CPU
		{2CB95560-32A2-4D45-B4F7-87EBF467B556}.Debug|Any CPU.Build.0 = Debug|Any CPU
		{2CB95560-32A2-4D45-B4F7-87EBF467B556}.Release|Any CPU.ActiveCfg = Release|Any CPU
		{2CB95560-32A2-4D45-B4F7-87EBF467B556}.Release|Any CPU.Build.0 = Release|Any CPU
		{F45F7D46-3EA0-4AEE-B512-804F52D96D71}.Debug|Any CPU.ActiveCfg = Debug|Any CPU
		{F45F7D46-3EA0-4AEE-B512-804F52D96D71}.Debug|Any CPU.Build.0 = Debug|Any CPU
		{F45F7D46-3EA0-4AEE-B512-804F52D96D71}.Release|Any CPU.ActiveCfg = Release|Any CPU
		{F45F7D46-3EA0-4AEE-B512-804F52D96D71}.Release|Any CPU.Build.0 = Release|Any CPU
	EndGlobalSection
EndGlobal
