
Microsoft Visual Studio Solution File, Format Version 12.00
# Visual Studio Version 17
VisualStudioVersion = 17.0.31903.59
MinimumVisualStudioVersion = 10.0.40219.1
Project("{2150E333-8FDC-42A3-9474-1A3956D46DE8}") = "src", "src", "{AD5BF23D-6F3D-451D-96D3-D06CD80E3DEF}"
EndProject
Project("{FAE04EC0-301F-11D3-BF4B-00C04F79EFBC}") = "BBT.MyProjectName.Domain.Shared", "src\BBT.MyProjectName.Domain.Shared\BBT.MyProjectName.Domain.Shared.csproj", "{639F7397-A6CD-44CB-B46E-843739098E52}"
EndProject
Project("{FAE04EC0-301F-11D3-BF4B-00C04F79EFBC}") = "BBT.MyProjectName.Domain", "src\BBT.MyProjectName.Domain\BBT.MyProjectName.Domain.csproj", "{ED50661B-E556-43CA-8990-8A0B2429A240}"
EndProject
Project("{FAE04EC0-301F-11D3-BF4B-00C04F79EFBC}") = "BBT.MyProjectName.EntityFrameworkCore", "src\BBT.MyProjectName.EntityFrameworkCore\BBT.MyProjectName.EntityFrameworkCore.csproj", "{3F2A2DED-38AB-42F1-891F-86771940D34A}"
EndProject
Project("{FAE04EC0-301F-11D3-BF4B-00C04F79EFBC}") = "BBT.MyProjectName.Application.Contracts", "src\BBT.MyProjectName.Application.Contracts\BBT.MyProjectName.Application.Contracts.csproj", "{0A8AFDF3-9187-4D26-BCA2-36DF82D7C4D0}"
EndProject
Project("{FAE04EC0-301F-11D3-BF4B-00C04F79EFBC}") = "BBT.MyProjectName.Application", "src\BBT.MyProjectName.Application\BBT.MyProjectName.Application.csproj", "{51B11968-CC30-4947-87F3-7785B76B9409}"
EndProject
Project("{FAE04EC0-301F-11D3-BF4B-00C04F79EFBC}") = "BBT.MyProjectName.HttpApi.Host", "src\BBT.MyProjectName.HttpApi.Host\BBT.MyProjectName.HttpApi.Host.csproj", "{1873D226-691E-44EC-8D49-974335FA747F}"
EndProject
Project("{2150E333-8FDC-42A3-9474-1A3956D46DE8}") = "test", "test", "{A7D7410B-EB3D-46B7-BF35-983B54B19F2D}"
EndProject
Project("{FAE04EC0-301F-11D3-BF4B-00C04F79EFBC}") = "BBT.MyProjectName.TestBase", "test\BBT.MyProjectName.TestBase\BBT.MyProjectName.TestBase.csproj", "{A5DCA799-79B7-4E74-BA11-A986F4DDEA07}"
EndProject
Project("{FAE04EC0-301F-11D3-BF4B-00C04F79EFBC}") = "BBT.MyProjectName.Domain.Tests", "test\BBT.MyProjectName.Domain.Tests\BBT.MyProjectName.Domain.Tests.csproj", "{0582A8EA-CAE5-4268-86C9-6D7DF85E2E02}"
EndProject
Project("{FAE04EC0-301F-11D3-BF4B-00C04F79EFBC}") = "BBT.MyProjectName.Application.Tests", "test\BBT.MyProjectName.Application.Tests\BBT.MyProjectName.Application.Tests.csproj", "{55858308-A7F6-4543-9C85-A020B4D90C38}"
EndProject
Project("{FAE04EC0-301F-11D3-BF4B-00C04F79EFBC}") = "BBT.MyProjectName.EntityFrameworkCore.Tests", "test\BBT.MyProjectName.EntityFrameworkCore.Tests\BBT.MyProjectName.EntityFrameworkCore.Tests.csproj", "{F688F09D-8852-4020-82AC-6AF7921E6FB6}"
EndProject
Global
	GlobalSection(SolutionConfigurationPlatforms) = preSolution
		Debug|Any CPU = Debug|Any CPU
		Release|Any CPU = Release|Any CPU
	EndGlobalSection
	GlobalSection(SolutionProperties) = preSolution
		HideSolutionNode = FALSE
	EndGlobalSection
	GlobalSection(NestedProjects) = preSolution
		{639F7397-A6CD-44CB-B46E-843739098E52} = {AD5BF23D-6F3D-451D-96D3-D06CD80E3DEF}
		{ED50661B-E556-43CA-8990-8A0B2429A240} = {AD5BF23D-6F3D-451D-96D3-D06CD80E3DEF}
		{3F2A2DED-38AB-42F1-891F-86771940D34A} = {AD5BF23D-6F3D-451D-96D3-D06CD80E3DEF}
		{0A8AFDF3-9187-4D26-BCA2-36DF82D7C4D0} = {AD5BF23D-6F3D-451D-96D3-D06CD80E3DEF}
		{51B11968-CC30-4947-87F3-7785B76B9409} = {AD5BF23D-6F3D-451D-96D3-D06CD80E3DEF}
		{1873D226-691E-44EC-8D49-974335FA747F} = {AD5BF23D-6F3D-451D-96D3-D06CD80E3DEF}
		{A5DCA799-79B7-4E74-BA11-A986F4DDEA07} = {A7D7410B-EB3D-46B7-BF35-983B54B19F2D}
		{0582A8EA-CAE5-4268-86C9-6D7DF85E2E02} = {A7D7410B-EB3D-46B7-BF35-983B54B19F2D}
		{55858308-A7F6-4543-9C85-A020B4D90C38} = {A7D7410B-EB3D-46B7-BF35-983B54B19F2D}
		{F688F09D-8852-4020-82AC-6AF7921E6FB6} = {A7D7410B-EB3D-46B7-BF35-983B54B19F2D}
	EndGlobalSection
	GlobalSection(ProjectConfigurationPlatforms) = postSolution
		{639F7397-A6CD-44CB-B46E-843739098E52}.Debug|Any CPU.ActiveCfg = Debug|Any CPU
		{639F7397-A6CD-44CB-B46E-843739098E52}.Debug|Any CPU.Build.0 = Debug|Any CPU
		{639F7397-A6CD-44CB-B46E-843739098E52}.Release|Any CPU.ActiveCfg = Release|Any CPU
		{639F7397-A6CD-44CB-B46E-843739098E52}.Release|Any CPU.Build.0 = Release|Any CPU
		{ED50661B-E556-43CA-8990-8A0B2429A240}.Debug|Any CPU.ActiveCfg = Debug|Any CPU
		{ED50661B-E556-43CA-8990-8A0B2429A240}.Debug|Any CPU.Build.0 = Debug|Any CPU
		{ED50661B-E556-43CA-8990-8A0B2429A240}.Release|Any CPU.ActiveCfg = Release|Any CPU
		{ED50661B-E556-43CA-8990-8A0B2429A240}.Release|Any CPU.Build.0 = Release|Any CPU
		{3F2A2DED-38AB-42F1-891F-86771940D34A}.Debug|Any CPU.ActiveCfg = Debug|Any CPU
		{3F2A2DED-38AB-42F1-891F-86771940D34A}.Debug|Any CPU.Build.0 = Debug|Any CPU
		{3F2A2DED-38AB-42F1-891F-86771940D34A}.Release|Any CPU.ActiveCfg = Release|Any CPU
		{3F2A2DED-38AB-42F1-891F-86771940D34A}.Release|Any CPU.Build.0 = Release|Any CPU
		{0A8AFDF3-9187-4D26-BCA2-36DF82D7C4D0}.Debug|Any CPU.ActiveCfg = Debug|Any CPU
		{0A8AFDF3-9187-4D26-BCA2-36DF82D7C4D0}.Debug|Any CPU.Build.0 = Debug|Any CPU
		{0A8AFDF3-9187-4D26-BCA2-36DF82D7C4D0}.Release|Any CPU.ActiveCfg = Release|Any CPU
		{0A8AFDF3-9187-4D26-BCA2-36DF82D7C4D0}.Release|Any CPU.Build.0 = Release|Any CPU
		{51B11968-CC30-4947-87F3-7785B76B9409}.Debug|Any CPU.ActiveCfg = Debug|Any CPU
		{51B11968-CC30-4947-87F3-7785B76B9409}.Debug|Any CPU.Build.0 = Debug|Any CPU
		{51B11968-CC30-4947-87F3-7785B76B9409}.Release|Any CPU.ActiveCfg = Release|Any CPU
		{51B11968-CC30-4947-87F3-7785B76B9409}.Release|Any CPU.Build.0 = Release|Any CPU
		{1873D226-691E-44EC-8D49-974335FA747F}.Debug|Any CPU.ActiveCfg = Debug|Any CPU
		{1873D226-691E-44EC-8D49-974335FA747F}.Debug|Any CPU.Build.0 = Debug|Any CPU
		{1873D226-691E-44EC-8D49-974335FA747F}.Release|Any CPU.ActiveCfg = Release|Any CPU
		{1873D226-691E-44EC-8D49-974335FA747F}.Release|Any CPU.Build.0 = Release|Any CPU
		{A5DCA799-79B7-4E74-BA11-A986F4DDEA07}.Debug|Any CPU.ActiveCfg = Debug|Any CPU
		{A5DCA799-79B7-4E74-BA11-A986F4DDEA07}.Debug|Any CPU.Build.0 = Debug|Any CPU
		{A5DCA799-79B7-4E74-BA11-A986F4DDEA07}.Release|Any CPU.ActiveCfg = Release|Any CPU
		{A5DCA799-79B7-4E74-BA11-A986F4DDEA07}.Release|Any CPU.Build.0 = Release|Any CPU
		{0582A8EA-CAE5-4268-86C9-6D7DF85E2E02}.Debug|Any CPU.ActiveCfg = Debug|Any CPU
		{0582A8EA-CAE5-4268-86C9-6D7DF85E2E02}.Debug|Any CPU.Build.0 = Debug|Any CPU
		{0582A8EA-CAE5-4268-86C9-6D7DF85E2E02}.Release|Any CPU.ActiveCfg = Release|Any CPU
		{0582A8EA-CAE5-4268-86C9-6D7DF85E2E02}.Release|Any CPU.Build.0 = Release|Any CPU
		{55858308-A7F6-4543-9C85-A020B4D90C38}.Debug|Any CPU.ActiveCfg = Debug|Any CPU
		{55858308-A7F6-4543-9C85-A020B4D90C38}.Debug|Any CPU.Build.0 = Debug|Any CPU
		{55858308-A7F6-4543-9C85-A020B4D90C38}.Release|Any CPU.ActiveCfg = Release|Any CPU
		{55858308-A7F6-4543-9C85-A020B4D90C38}.Release|Any CPU.Build.0 = Release|Any CPU
		{F688F09D-8852-4020-82AC-6AF7921E6FB6}.Debug|Any CPU.ActiveCfg = Debug|Any CPU
		{F688F09D-8852-4020-82AC-6AF7921E6FB6}.Debug|Any CPU.Build.0 = Debug|Any CPU
		{F688F09D-8852-4020-82AC-6AF7921E6FB6}.Release|Any CPU.ActiveCfg = Release|Any CPU
		{F688F09D-8852-4020-82AC-6AF7921E6FB6}.Release|Any CPU.Build.0 = Release|Any CPU
	EndGlobalSection
EndGlobal
